
Microsoft Visual Studio Solution File, Format Version 12.00
# Visual Studio Version 17
VisualStudioVersion = 17.0.31903.59
MinimumVisualStudioVersion = 10.0.40219.1
Project("{9A19103F-16F7-4668-BE54-9A1E7A4F7556}") = "Codenotch.Core", "src\Codenotch.Core\Codenotch.Core.csproj", "{6E7C2B21-1A4F-4F2C-9E11-0C1A5B7D0001}"
EndProject
Project("{9A19103F-16F7-4668-BE54-9A1E7A4F7556}") = "Codenotch.App", "src\Codenotch.App\Codenotch.App.csproj", "{6E7C2B21-1A4F-4F2C-9E11-0C1A5B7D0002}"
EndProject
Project("{9A19103F-16F7-4668-BE54-9A1E7A4F7556}") = "Codenotch.Core.Tests", "tests\Codenotch.Core.Tests\Codenotch.Core.Tests.csproj", "{6E7C2B21-1A4F-4F2C-9E11-0C1A5B7D0003}"
EndProject
Global
	GlobalSection(SolutionConfigurationPlatforms) = preSolution
		Debug|Any CPU = Debug|Any CPU
		Release|Any CPU = Release|Any CPU
	EndGlobalSection
	GlobalSection(ProjectConfigurationPlatforms) = postSolution
		{6E7C2B21-1A4F-4F2C-9E11-0C1A5B7D0001}.Debug|Any CPU.ActiveCfg = Debug|Any CPU
		{6E7C2B21-1A4F-4F2C-9E11-0C1A5B7D0001}.Debug|Any CPU.Build.0 = Debug|Any CPU
		{6E7C2B21-1A4F-4F2C-9E11-0C1A5B7D0001}.Release|Any CPU.ActiveCfg = Release|Any CPU
		{6E7C2B21-1A4F-4F2C-9E11-0C1A5B7D0001}.Release|Any CPU.Build.0 = Release|Any CPU
		{6E7C2B21-1A4F-4F2C-9E11-0C1A5B7D0002}.Debug|Any CPU.ActiveCfg = Debug|Any CPU
		{6E7C2B21-1A4F-4F2C-9E11-0C1A5B7D0002}.Debug|Any CPU.Build.0 = Debug|Any CPU
		{6E7C2B21-1A4F-4F2C-9E11-0C1A5B7D0002}.Release|Any CPU.ActiveCfg = Release|Any CPU
		{6E7C2B21-1A4F-4F2C-9E11-0C1A5B7D0002}.Release|Any CPU.Build.0 = Release|Any CPU
		{6E7C2B21-1A4F-4F2C-9E11-0C1A5B7D0003}.Debug|Any CPU.ActiveCfg = Debug|Any CPU
		{6E7C2B21-1A4F-4F2C-9E11-0C1A5B7D0003}.Debug|Any CPU.Build.0 = Debug|Any CPU
		{6E7C2B21-1A4F-4F2C-9E11-0C1A5B7D0003}.Release|Any CPU.ActiveCfg = Release|Any CPU
		{6E7C2B21-1A4F-4F2C-9E11-0C1A5B7D0003}.Release|Any CPU.Build.0 = Release|Any CPU
	EndGlobalSection
	GlobalSection(SolutionProperties) = preSolution
		HideSolutionNode = FALSE
	EndGlobalSection
	GlobalSection(ExtensibilityGlobals) = postSolution
		SolutionGuid = {6E7C2B21-1A4F-4F2C-9E11-0C1A5B7D0000}
	EndGlobalSection
EndGlobal
